
Microsoft Visual Studio Solution File, Format Version 12.00
# Visual Studio Version 18
VisualStudioVersion = 18.3.11520.95 d18.3
MinimumVisualStudioVersion = 10.0.40219.1
Project("{FAE04EC0-301F-11D3-BF4B-00C04F79EFBC}") = "DataMigrationForStaticForms", "DataMigrationForStaticForms.csproj", "{3BC97F29-CA66-1C4A-6B69-B616C31036C0}"
EndProject
Global
	GlobalSection(SolutionConfigurationPlatforms) = preSolution
		Debug|Any CPU = Debug|Any CPU
		Release|Any CPU = Release|Any CPU
	EndGlobalSection
	GlobalSection(ProjectConfigurationPlatforms) = postSolution
		{3BC97F29-CA66-1C4A-6B69-B616C31036C0}.Debug|Any CPU.ActiveCfg = Debug|Any CPU
		{3BC97F29-CA66-1C4A-6B69-B616C31036C0}.Debug|Any CPU.Build.0 = Debug|Any CPU
		{3BC97F29-CA66-1C4A-6B69-B616C31036C0}.Release|Any CPU.ActiveCfg = Release|Any CPU
		{3BC97F29-CA66-1C4A-6B69-B616C31036C0}.Release|Any CPU.Build.0 = Release|Any CPU
	EndGlobalSection
	GlobalSection(SolutionProperties) = preSolution
		HideSolutionNode = FALSE
	EndGlobalSection
	GlobalSection(ExtensibilityGlobals) = postSolution
		SolutionGuid = {A43AA900-E6C4-4BE5-BD4B-98BD2D261291}
	EndGlobalSection
EndGlobal
